// !$*UTF8*$!
{
	archiveVersion = 1;
	classes = {
	};
	objectVersion = 70;
	objects = {

/* Begin PBXBuildFile section */
		096058A0F33FF072FA586118 /* Assets.xcassets in Resources */ = {isa = PBXBuildFile; fileRef = 0A09BE7E457D6FD2A5FE553A /* Assets.xcassets */; };
		0EE2040B345306BC859A27E8 /* PickerRow.swift in Sources */ = {isa = PBXBuildFile; fileRef = 6D5359CDD00A50F4ED7867F9 /* PickerRow.swift */; };
		12B8C93D825EA3F645436A1E /* Typography.swift in Sources */ = {isa = PBXBuildFile; fileRef = 624356556BFE845EE4A8C862 /* Typography.swift */; };
		3067AACDF346C56C85FB6EC4 /* AppDelegate.swift in Sources */ = {isa = PBXBuildFile; fileRef = 558F3AA08BFF2E82A817B371 /* AppDelegate.swift */; };
		48094475A7E0CC7A31C1EE7C /* Layout.swift in Sources */ = {isa = PBXBuildFile; fileRef = 9F12A837EF29FB0792CBDC55 /* Layout.swift */; };
		5BCE1A122F0414A000C659E6 /* StackViewFactory.swift in Sources */ = {isa = PBXBuildFile; fileRef = 5BCE1A112F0414A000C659E6 /* StackViewFactory.swift */; };
		5BCE1A332F04326200C659E6 /* Icons.swift in Sources */ = {isa = PBXBuildFile; fileRef = 5BCE1A322F04326200C659E6 /* Icons.swift */; };
		5BCE1A672F0BE4B600C659E6 /* FormField.swift in Sources */ = {isa = PBXBuildFile; fileRef = 5BCE1A662F0BE4B600C659E6 /* FormField.swift */; };
		5BCE1A9C2F0BF66500C659E6 /* ScrollingStackView.swift in Sources */ = {isa = PBXBuildFile; fileRef = 5BCE1A9B2F0BF66500C659E6 /* ScrollingStackView.swift */; };
		5BCE1AB32F0D37CD00C659E6 /* NewRecord.swift in Sources */ = {isa = PBXBuildFile; fileRef = 5BCE1AB22F0D37CD00C659E6 /* NewRecord.swift */; };
		65574F545CFD117EF051A07D /* RswiftLibrary in Frameworks */ = {isa = PBXBuildFile; productRef = 6BCEE135EC64ABDF00E19243 /* RswiftLibrary */; };
		7369F1011161BFD85339FD02 /* FormFieldFactory.swift in Sources */ = {isa = PBXBuildFile; fileRef = F10716AA1A233A15F8324A38 /* FormFieldFactory.swift */; };
		81283DCBD84BD5246E3F96E2 /* InputField.swift in Sources */ = {isa = PBXBuildFile; fileRef = 6B2E98750131D221A411D53A /* InputField.swift */; };
		8AE900452072C3017AE5CBE2 /* AppColor.swift in Sources */ = {isa = PBXBuildFile; fileRef = 0D3A05A5D4B8BEC813434313 /* AppColor.swift */; };
		8ED7F3D67B84EF4549AE675F /* LaunchScreen.storyboard in Resources */ = {isa = PBXBuildFile; fileRef = 7E704FAA0DE9C360F28A0281 /* LaunchScreen.storyboard */; };
		A1671DCA45465470815C80BE /* PrimaryButton.swift in Sources */ = {isa = PBXBuildFile; fileRef = C5B1636CFA1EF056E2336133 /* PrimaryButton.swift */; };
		CB486CA0A37176D1A794E2E7 /* SegmentedControlFactories.swift in Sources */ = {isa = PBXBuildFile; fileRef = 40F27E1C92F122DAD713AAEC /* SegmentedControlFactories.swift */; };
		D5484558A91702D5657986A0 /* AttemptEffort.swift in Sources */ = {isa = PBXBuildFile; fileRef = F6C18493BF246684A7BB0AED /* AttemptEffort.swift */; };
		D66F615A11D7C69BB75D8DE2 /* AttemptType.swift in Sources */ = {isa = PBXBuildFile; fileRef = 073EF0B710F4282E690C0983 /* AttemptType.swift */; };
		E9DC8E171353E143974DA65D /* SegmentedButtonsView.swift in Sources */ = {isa = PBXBuildFile; fileRef = 0F784A8376C6A30D23B627A5 /* SegmentedButtonsView.swift */; };
		F295C310E1592DA858432D51 /* ButtonFactory.swift in Sources */ = {isa = PBXBuildFile; fileRef = E2FC5D9EF756F5D4DEC64261 /* ButtonFactory.swift */; };
/* End PBXBuildFile section */

/* Begin PBXFileReference section */
		073EF0B710F4282E690C0983 /* AttemptType.swift */ = {isa = PBXFileReference; lastKnownFileType = sourcecode.swift; path = AttemptType.swift; sourceTree = "<group>"; };
		0A09BE7E457D6FD2A5FE553A /* Assets.xcassets */ = {isa = PBXFileReference; lastKnownFileType = folder.assetcatalog; path = Assets.xcassets; sourceTree = "<group>"; };
		0D3A05A5D4B8BEC813434313 /* AppColor.swift */ = {isa = PBXFileReference; lastKnownFileType = sourcecode.swift; path = AppColor.swift; sourceTree = "<group>"; };
		0F784A8376C6A30D23B627A5 /* SegmentedButtonsView.swift */ = {isa = PBXFileReference; lastKnownFileType = sourcecode.swift; path = SegmentedButtonsView.swift; sourceTree = "<group>"; };
		1209808D458865E37779A14F /* FormPeak.app */ = {isa = PBXFileReference; explicitFileType = wrapper.application; includeInIndex = 0; path = FormPeak.app; sourceTree = BUILT_PRODUCTS_DIR; };
		1B5D883FBE74CFF73127D704 /* Info.plist */ = {isa = PBXFileReference; lastKnownFileType = text.plist; path = Info.plist; sourceTree = "<group>"; };
		40F27E1C92F122DAD713AAEC /* SegmentedControlFactories.swift */ = {isa = PBXFileReference; lastKnownFileType = sourcecode.swift; path = SegmentedControlFactories.swift; sourceTree = "<group>"; };
		558F3AA08BFF2E82A817B371 /* AppDelegate.swift */ = {isa = PBXFileReference; lastKnownFileType = sourcecode.swift; path = AppDelegate.swift; sourceTree = "<group>"; };
		5BCE1A112F0414A000C659E6 /* StackViewFactory.swift */ = {isa = PBXFileReference; lastKnownFileType = sourcecode.swift; path = StackViewFactory.swift; sourceTree = "<group>"; };
		5BCE1A322F04326200C659E6 /* Icons.swift */ = {isa = PBXFileReference; lastKnownFileType = sourcecode.swift; path = Icons.swift; sourceTree = "<group>"; };
		5BCE1A662F0BE4B600C659E6 /* FormField.swift */ = {isa = PBXFileReference; lastKnownFileType = sourcecode.swift; path = FormField.swift; sourceTree = "<group>"; };
		5BCE1A9B2F0BF66500C659E6 /* ScrollingStackView.swift */ = {isa = PBXFileReference; lastKnownFileType = sourcecode.swift; path = ScrollingStackView.swift; sourceTree = "<group>"; };
		5BCE1AB22F0D37CD00C659E6 /* NewRecord.swift */ = {isa = PBXFileReference; lastKnownFileType = sourcecode.swift; path = NewRecord.swift; sourceTree = "<group>"; };
		613F82490D797E05C4F6A5E3 /* Base */ = {isa = PBXFileReference; lastKnownFileType = file.storyboard; name = Base; path = Base.lproj/LaunchScreen.storyboard; sourceTree = "<group>"; };
		624356556BFE845EE4A8C862 /* Typography.swift */ = {isa = PBXFileReference; lastKnownFileType = sourcecode.swift; path = Typography.swift; sourceTree = "<group>"; };
		6B2E98750131D221A411D53A /* InputField.swift */ = {isa = PBXFileReference; lastKnownFileType = sourcecode.swift; path = InputField.swift; sourceTree = "<group>"; };
		6D5359CDD00A50F4ED7867F9 /* PickerRow.swift */ = {isa = PBXFileReference; lastKnownFileType = sourcecode.swift; path = PickerRow.swift; sourceTree = "<group>"; };
		9F12A837EF29FB0792CBDC55 /* Layout.swift */ = {isa = PBXFileReference; lastKnownFileType = sourcecode.swift; path = Layout.swift; sourceTree = "<group>"; };
		C5B1636CFA1EF056E2336133 /* PrimaryButton.swift */ = {isa = PBXFileReference; lastKnownFileType = sourcecode.swift; path = PrimaryButton.swift; sourceTree = "<group>"; };
		E2FC5D9EF756F5D4DEC64261 /* ButtonFactory.swift */ = {isa = PBXFileReference; lastKnownFileType = sourcecode.swift; path = ButtonFactory.swift; sourceTree = "<group>"; };
		F10716AA1A233A15F8324A38 /* FormFieldFactory.swift */ = {isa = PBXFileReference; lastKnownFileType = sourcecode.swift; path = FormFieldFactory.swift; sourceTree = "<group>"; };
		F6C18493BF246684A7BB0AED /* AttemptEffort.swift */ = {isa = PBXFileReference; lastKnownFileType = sourcecode.swift; path = AttemptEffort.swift; sourceTree = "<group>"; };
/* End PBXFileReference section */

/* Begin PBXFileSystemSynchronizedRootGroup section */
		5BCE1A0F2F04110100C659E6 /* Features */ = {isa = PBXFileSystemSynchronizedRootGroup; explicitFileTypes = {}; explicitFolders = (); path = Features; sourceTree = "<group>"; };
		5BCE1A3D2F0435CC00C659E6 /* Common */ = {isa = PBXFileSystemSynchronizedRootGroup; explicitFileTypes = {}; explicitFolders = (); path = Common; sourceTree = "<group>"; };
		5BCE1AB62F0D3CCC00C659E6 /* Models */ = {isa = PBXFileSystemSynchronizedRootGroup; explicitFileTypes = {}; explicitFolders = (); path = Models; sourceTree = "<group>"; };
/* End PBXFileSystemSynchronizedRootGroup section */

/* Begin PBXFrameworksBuildPhase section */
		1B4F275E9E03B1076E096E94 /* Frameworks */ = {
			isa = PBXFrameworksBuildPhase;
			buildActionMask = 2147483647;
			files = (
				65574F545CFD117EF051A07D /* RswiftLibrary in Frameworks */,
			);
			runOnlyForDeploymentPostprocessing = 0;
		};
/* End PBXFrameworksBuildPhase section */

/* Begin PBXGroup section */
		08B50547265DB9701E2AD5F8 = {
			isa = PBXGroup;
			children = (
				647C4EB76F1DFFF15776DC94 /* FormPeak */,
				D668B4E51E932CFFE3AF24CE /* Products */,
			);
			sourceTree = "<group>";
		};
		349A13717BFCB3BA28935A26 /* Factories */ = {
			isa = PBXGroup;
			children = (
				E2FC5D9EF756F5D4DEC64261 /* ButtonFactory.swift */,
				F10716AA1A233A15F8324A38 /* FormFieldFactory.swift */,
				40F27E1C92F122DAD713AAEC /* SegmentedControlFactories.swift */,
				5BCE1A112F0414A000C659E6 /* StackViewFactory.swift */,
			);
			path = Factories;
			sourceTree = "<group>";
		};
		426A5881BD346C85CDFB9D89 /* Components */ = {
			isa = PBXGroup;
			children = (
				6B2E98750131D221A411D53A /* InputField.swift */,
				6D5359CDD00A50F4ED7867F9 /* PickerRow.swift */,
				C5B1636CFA1EF056E2336133 /* PrimaryButton.swift */,
				0F784A8376C6A30D23B627A5 /* SegmentedButtonsView.swift */,
				5BCE1A662F0BE4B600C659E6 /* FormField.swift */,
				5BCE1A9B2F0BF66500C659E6 /* ScrollingStackView.swift */,
			);
			path = Components;
			sourceTree = "<group>";
		};
		46DC1D3F0EFD5160F07221FD /* Foundations */ = {
			isa = PBXGroup;
			children = (
				0D3A05A5D4B8BEC813434313 /* AppColor.swift */,
				9F12A837EF29FB0792CBDC55 /* Layout.swift */,
				624356556BFE845EE4A8C862 /* Typography.swift */,
				5BCE1A322F04326200C659E6 /* Icons.swift */,
			);
			path = Foundations;
			sourceTree = "<group>";
		};
		647C4EB76F1DFFF15776DC94 /* FormPeak */ = {
			isa = PBXGroup;
			children = (
				5BCE1A3D2F0435CC00C659E6 /* Common */,
				5BCE1A0F2F04110100C659E6 /* Features */,
				F1AE348CEDFE692078C011AF /* App */,
				C9CF424BE66A73656138ABF6 /* DesignSystem */,
				B209ADBF9145B66412310A92 /* Domain */,
				91C81C9D7916912B0BDE96AC /* Resources */,
			);
			path = FormPeak;
			sourceTree = "<group>";
		};
		901F10005171748AAF132417 /* Models */ = {
			isa = PBXGroup;
			children = (
				F6C18493BF246684A7BB0AED /* AttemptEffort.swift */,
				073EF0B710F4282E690C0983 /* AttemptType.swift */,
				5BCE1AB22F0D37CD00C659E6 /* NewRecord.swift */,
			);
			path = Models;
			sourceTree = "<group>";
		};
		91C81C9D7916912B0BDE96AC /* Resources */ = {
			isa = PBXGroup;
			children = (
				0A09BE7E457D6FD2A5FE553A /* Assets.xcassets */,
				1B5D883FBE74CFF73127D704 /* Info.plist */,
			);
			path = Resources;
			sourceTree = "<group>";
		};
		B209ADBF9145B66412310A92 /* Domain */ = {
			isa = PBXGroup;
			children = (
				901F10005171748AAF132417 /* Models */,
			);
			path = Domain;
			sourceTree = "<group>";
		};
		C9CF424BE66A73656138ABF6 /* DesignSystem */ = {
			isa = PBXGroup;
			children = (
				5BCE1AB62F0D3CCC00C659E6 /* Models */,
				426A5881BD346C85CDFB9D89 /* Components */,
				349A13717BFCB3BA28935A26 /* Factories */,
				46DC1D3F0EFD5160F07221FD /* Foundations */,
			);
			path = DesignSystem;
			sourceTree = "<group>";
		};
		D668B4E51E932CFFE3AF24CE /* Products */ = {
			isa = PBXGroup;
			children = (
				1209808D458865E37779A14F /* FormPeak.app */,
			);
			name = Products;
			sourceTree = "<group>";
		};
		F1AE348CEDFE692078C011AF /* App */ = {
			isa = PBXGroup;
			children = (
				558F3AA08BFF2E82A817B371 /* AppDelegate.swift */,
				7E704FAA0DE9C360F28A0281 /* LaunchScreen.storyboard */,
			);
			path = App;
			sourceTree = "<group>";
		};
/* End PBXGroup section */

/* Begin PBXNativeTarget section */
		CC000134A62ECED16B2D3AFD /* FormPeak */ = {
			isa = PBXNativeTarget;
			buildConfigurationList = DF905FAAC8223D207DE1BD10 /* Build configuration list for PBXNativeTarget "FormPeak" */;
			buildPhases = (
				46A720203612F5355D55648B /* Sources */,
				1B958B44B03CD4E5F4E61227 /* SwiftLint */,
				0DCB3CEA85897FB8EE4B752E /* Resources */,
				1B4F275E9E03B1076E096E94 /* Frameworks */,
			);
			buildRules = (
			);
			dependencies = (
				4BFA410FAA2E937E0AFAC841 /* PBXTargetDependency */,
			);
			fileSystemSynchronizedGroups = (
				5BCE1A0F2F04110100C659E6 /* Features */,
				5BCE1A3D2F0435CC00C659E6 /* Common */,
				5BCE1AB62F0D3CCC00C659E6 /* Models */,
			);
			name = FormPeak;
			packageProductDependencies = (
				6BCEE135EC64ABDF00E19243 /* RswiftLibrary */,
			);
			productName = FormPeak;
			productReference = 1209808D458865E37779A14F /* FormPeak.app */;
			productType = "com.apple.product-type.application";
		};
/* End PBXNativeTarget section */

/* Begin PBXProject section */
		ADFC5C8C32683A29EA029E32 /* Project object */ = {
			isa = PBXProject;
			attributes = {
				BuildIndependentTargetsInParallel = YES;
				LastUpgradeCheck = 1430;
			};
			buildConfigurationList = 641F429577861393BB8D2A1A /* Build configuration list for PBXProject "FormPeak" */;
			compatibilityVersion = "Xcode 14.0";
			developmentRegion = en;
			hasScannedForEncodings = 0;
			knownRegions = (
				Base,
				en,
			);
			mainGroup = 08B50547265DB9701E2AD5F8;
			minimizedProjectReferenceProxies = 1;
			packageReferences = (
				A63EE58CB5503EA0FC51EA3F /* XCRemoteSwiftPackageReference "R.swift" */,
				0B81A1F9D31326C4F6558E58 /* XCRemoteSwiftPackageReference "SwiftLint" */,
			);
			projectDirPath = "";
			projectRoot = "";
			targets = (
				CC000134A62ECED16B2D3AFD /* FormPeak */,
			);
		};
/* End PBXProject section */

/* Begin PBXResourcesBuildPhase section */
		0DCB3CEA85897FB8EE4B752E /* Resources */ = {
			isa = PBXResourcesBuildPhase;
			buildActionMask = 2147483647;
			files = (
				096058A0F33FF072FA586118 /* Assets.xcassets in Resources */,
				8ED7F3D67B84EF4549AE675F /* LaunchScreen.storyboard in Resources */,
			);
			runOnlyForDeploymentPostprocessing = 0;
		};
/* End PBXResourcesBuildPhase section */

/* Begin PBXShellScriptBuildPhase section */
		1B958B44B03CD4E5F4E61227 /* SwiftLint */ = {
			isa = PBXShellScriptBuildPhase;
			buildActionMask = 2147483647;
			files = (
			);
			inputFileListPaths = (
			);
			inputPaths = (
			);
			name = SwiftLint;
			outputFileListPaths = (
			);
			outputPaths = (
			);
			runOnlyForDeploymentPostprocessing = 0;
			shellPath = /bin/sh;
			shellScript = "export ENABLE_USER_SCRIPT_SANDBOXING=NO\nexport PATH=\"/opt/homebrew/bin:$PATH\"\necho \"Current PATH: $PATH\"\nif which swiftlint >/dev/null; then\n    swiftlint\nelse\n    echo \"SwiftLint not found! Check Homebrew installation.\"\n    exit 1\nfi\n";
		};
/* End PBXShellScriptBuildPhase section */

/* Begin PBXSourcesBuildPhase section */
		46A720203612F5355D55648B /* Sources */ = {
			isa = PBXSourcesBuildPhase;
			buildActionMask = 2147483647;
			files = (
				8AE900452072C3017AE5CBE2 /* AppColor.swift in Sources */,
				3067AACDF346C56C85FB6EC4 /* AppDelegate.swift in Sources */,
				5BCE1A332F04326200C659E6 /* Icons.swift in Sources */,
				5BCE1A9C2F0BF66500C659E6 /* ScrollingStackView.swift in Sources */,
				D5484558A91702D5657986A0 /* AttemptEffort.swift in Sources */,
				D66F615A11D7C69BB75D8DE2 /* AttemptType.swift in Sources */,
				5BCE1A672F0BE4B600C659E6 /* FormField.swift in Sources */,
				5BCE1AB32F0D37CD00C659E6 /* NewRecord.swift in Sources */,
				F295C310E1592DA858432D51 /* ButtonFactory.swift in Sources */,
				81283DCBD84BD5246E3F96E2 /* InputField.swift in Sources */,
				7369F1011161BFD85339FD02 /* FormFieldFactory.swift in Sources */,
				48094475A7E0CC7A31C1EE7C /* Layout.swift in Sources */,
				0EE2040B345306BC859A27E8 /* PickerRow.swift in Sources */,
				A1671DCA45465470815C80BE /* PrimaryButton.swift in Sources */,
				E9DC8E171353E143974DA65D /* SegmentedButtonsView.swift in Sources */,
				CB486CA0A37176D1A794E2E7 /* SegmentedControlFactories.swift in Sources */,
				12B8C93D825EA3F645436A1E /* Typography.swift in Sources */,
				5BCE1A122F0414A000C659E6 /* StackViewFactory.swift in Sources */,
			);
			runOnlyForDeploymentPostprocessing = 0;
		};
/* End PBXSourcesBuildPhase section */

/* Begin PBXTargetDependency section */
		4BFA410FAA2E937E0AFAC841 /* PBXTargetDependency */ = {
			isa = PBXTargetDependency;
			productRef = 0A62818AE9F7E87FA8423D80 /* RswiftGenerateInternalResources */;
		};
/* End PBXTargetDependency section */

/* Begin PBXVariantGroup section */
		7E704FAA0DE9C360F28A0281 /* LaunchScreen.storyboard */ = {
			isa = PBXVariantGroup;
			children = (
				613F82490D797E05C4F6A5E3 /* Base */,
			);
			name = LaunchScreen.storyboard;
			sourceTree = "<group>";
		};
/* End PBXVariantGroup section */

/* Begin XCBuildConfiguration section */
		A98896D6F95D65888E232BCC /* Production */ = {
			isa = XCBuildConfiguration;
			buildSettings = {
				ASSETCATALOG_COMPILER_APPICON_NAME = AppIcon;
				CODE_SIGN_IDENTITY = "iPhone Developer";
				CURRENT_PROJECT_VERSION = 1;
				DEVELOPMENT_TEAM = B6X45355LQ;
				INFOPLIST_FILE = FormPeak/Resources/Info.plist;
				LD_RUNPATH_SEARCH_PATHS = (
					"$(inherited)",
					"@executable_path/Frameworks",
				);
				MARKETING_VERSION = 1.0.0;
				PRODUCT_BUNDLE_IDENTIFIER = com.artkriukov.FormPeak;
				SDKROOT = iphoneos;
				SUPPORTED_INTERFACE_ORIENTATIONS = UIInterfaceOrientationPortrait;
				SWIFT_VERSION = 5.0;
				TARGETED_DEVICE_FAMILY = 1;
				UILaunchStoryboardName = LaunchScreen;
				VERSIONING_SYSTEM = "apple-generic";
			};
			name = Production;
		};
		F27BDD4B431E81C724015828 /* Production */ = {
			isa = XCBuildConfiguration;
			buildSettings = {
				ALWAYS_SEARCH_USER_PATHS = NO;
				CLANG_ANALYZER_NONNULL = YES;
				CLANG_ANALYZER_NUMBER_OBJECT_CONVERSION = YES_AGGRESSIVE;
				CLANG_CXX_LANGUAGE_STANDARD = "gnu++14";
				CLANG_CXX_LIBRARY = "libc++";
				CLANG_ENABLE_MODULES = YES;
				CLANG_ENABLE_OBJC_ARC = YES;
				CLANG_ENABLE_OBJC_WEAK = YES;
				CLANG_WARN_BLOCK_CAPTURE_AUTORELEASING = YES;
				CLANG_WARN_BOOL_CONVERSION = YES;
				CLANG_WARN_COMMA = YES;
				CLANG_WARN_CONSTANT_CONVERSION = YES;
				CLANG_WARN_DEPRECATED_OBJC_IMPLEMENTATIONS = YES;
				CLANG_WARN_DIRECT_OBJC_ISA_USAGE = YES_ERROR;
				CLANG_WARN_DOCUMENTATION_COMMENTS = YES;
				CLANG_WARN_EMPTY_BODY = YES;
				CLANG_WARN_ENUM_CONVERSION = YES;
				CLANG_WARN_INFINITE_RECURSION = YES;
				CLANG_WARN_INT_CONVERSION = YES;
				CLANG_WARN_NON_LITERAL_NULL_CONVERSION = YES;
				CLANG_WARN_OBJC_IMPLICIT_RETAIN_SELF = YES;
				CLANG_WARN_OBJC_LITERAL_CONVERSION = YES;
				CLANG_WARN_OBJC_ROOT_CLASS = YES_ERROR;
				CLANG_WARN_QUOTED_INCLUDE_IN_FRAMEWORK_HEADER = YES;
				CLANG_WARN_RANGE_LOOP_ANALYSIS = YES;
				CLANG_WARN_STRICT_PROTOTYPES = YES;
				CLANG_WARN_SUSPICIOUS_MOVE = YES;
				CLANG_WARN_UNGUARDED_AVAILABILITY = YES_AGGRESSIVE;
				CLANG_WARN_UNREACHABLE_CODE = YES;
				CLANG_WARN__DUPLICATE_METHOD_MATCH = YES;
				COPY_PHASE_STRIP = NO;
				DEBUG_INFORMATION_FORMAT = "dwarf-with-dsym";
				ENABLE_NS_ASSERTIONS = NO;
				ENABLE_STRICT_OBJC_MSGSEND = YES;
				GCC_C_LANGUAGE_STANDARD = gnu11;
				GCC_NO_COMMON_BLOCKS = YES;
				GCC_WARN_64_TO_32_BIT_CONVERSION = YES;
				GCC_WARN_ABOUT_RETURN_TYPE = YES_ERROR;
				GCC_WARN_UNDECLARED_SELECTOR = YES;
				GCC_WARN_UNINITIALIZED_AUTOS = YES_AGGRESSIVE;
				GCC_WARN_UNUSED_FUNCTION = YES;
				GCC_WARN_UNUSED_VARIABLE = YES;
				IPHONEOS_DEPLOYMENT_TARGET = 17.0;
				MTL_ENABLE_DEBUG_INFO = NO;
				MTL_FAST_MATH = YES;
				PRODUCT_NAME = "$(TARGET_NAME)";
				SDKROOT = iphoneos;
				SWIFT_COMPILATION_MODE = wholemodule;
				SWIFT_OPTIMIZATION_LEVEL = "-O";
				SWIFT_VERSION = 5.0;
			};
			name = Production;
		};
		F5A854E1E2F42C7630E8182D /* Debug */ = {
			isa = XCBuildConfiguration;
			buildSettings = {
				ALWAYS_SEARCH_USER_PATHS = NO;
				CLANG_ANALYZER_NONNULL = YES;
				CLANG_ANALYZER_NUMBER_OBJECT_CONVERSION = YES_AGGRESSIVE;
				CLANG_CXX_LANGUAGE_STANDARD = "gnu++14";
				CLANG_CXX_LIBRARY = "libc++";
				CLANG_ENABLE_MODULES = YES;
				CLANG_ENABLE_OBJC_ARC = YES;
				CLANG_ENABLE_OBJC_WEAK = YES;
				CLANG_WARN_BLOCK_CAPTURE_AUTORELEASING = YES;
				CLANG_WARN_BOOL_CONVERSION = YES;
				CLANG_WARN_COMMA = YES;
				CLANG_WARN_CONSTANT_CONVERSION = YES;
				CLANG_WARN_DEPRECATED_OBJC_IMPLEMENTATIONS = YES;
				CLANG_WARN_DIRECT_OBJC_ISA_USAGE = YES_ERROR;
				CLANG_WARN_DOCUMENTATION_COMMENTS = YES;
				CLANG_WARN_EMPTY_BODY = YES;
				CLANG_WARN_ENUM_CONVERSION = YES;
				CLANG_WARN_INFINITE_RECURSION = YES;
				CLANG_WARN_INT_CONVERSION = YES;
				CLANG_WARN_NON_LITERAL_NULL_CONVERSION = YES;
				CLANG_WARN_OBJC_IMPLICIT_RETAIN_SELF = YES;
				CLANG_WARN_OBJC_LITERAL_CONVERSION = YES;
				CLANG_WARN_OBJC_ROOT_CLASS = YES_ERROR;
				CLANG_WARN_QUOTED_INCLUDE_IN_FRAMEWORK_HEADER = YES;
				CLANG_WARN_RANGE_LOOP_ANALYSIS = YES;
				CLANG_WARN_STRICT_PROTOTYPES = YES;
				CLANG_WARN_SUSPICIOUS_MOVE = YES;
				CLANG_WARN_UNGUARDED_AVAILABILITY = YES_AGGRESSIVE;
				CLANG_WARN_UNREACHABLE_CODE = YES;
				CLANG_WARN__DUPLICATE_METHOD_MATCH = YES;
				COPY_PHASE_STRIP = NO;
				DEBUG_INFORMATION_FORMAT = dwarf;
				ENABLE_STRICT_OBJC_MSGSEND = YES;
				ENABLE_TESTABILITY = YES;
				GCC_C_LANGUAGE_STANDARD = gnu11;
				GCC_DYNAMIC_NO_PIC = NO;
				GCC_NO_COMMON_BLOCKS = YES;
				GCC_OPTIMIZATION_LEVEL = 0;
				GCC_PREPROCESSOR_DEFINITIONS = (
					"$(inherited)",
					"DEBUG=1",
				);
				GCC_WARN_64_TO_32_BIT_CONVERSION = YES;
				GCC_WARN_ABOUT_RETURN_TYPE = YES_ERROR;
				GCC_WARN_UNDECLARED_SELECTOR = YES;
				GCC_WARN_UNINITIALIZED_AUTOS = YES_AGGRESSIVE;
				GCC_WARN_UNUSED_FUNCTION = YES;
				GCC_WARN_UNUSED_VARIABLE = YES;
				IPHONEOS_DEPLOYMENT_TARGET = 17.0;
				MTL_ENABLE_DEBUG_INFO = INCLUDE_SOURCE;
				MTL_FAST_MATH = YES;
				ONLY_ACTIVE_ARCH = YES;
				PRODUCT_NAME = "$(TARGET_NAME)";
				SDKROOT = iphoneos;
				SWIFT_ACTIVE_COMPILATION_CONDITIONS = DEBUG;
				SWIFT_OPTIMIZATION_LEVEL = "-Onone";
				SWIFT_VERSION = 5.0;
			};
			name = Debug;
		};
		F845E71CE501D472C7D0D3D0 /* Debug */ = {
			isa = XCBuildConfiguration;
			buildSettings = {
				ASSETCATALOG_COMPILER_APPICON_NAME = AppIcon;
				CODE_SIGN_IDENTITY = "iPhone Developer";
				CURRENT_PROJECT_VERSION = 1;
				DEVELOPMENT_TEAM = B6X45355LQ;
				INFOPLIST_FILE = FormPeak/Resources/Info.plist;
				LD_RUNPATH_SEARCH_PATHS = (
					"$(inherited)",
					"@executable_path/Frameworks",
				);
				MARKETING_VERSION = 1.0.0;
				PRODUCT_BUNDLE_IDENTIFIER = com.artkriukov.FormPeak;
				SDKROOT = iphoneos;
				SUPPORTED_INTERFACE_ORIENTATIONS = UIInterfaceOrientationPortrait;
				SWIFT_VERSION = 5.0;
				TARGETED_DEVICE_FAMILY = 1;
				UILaunchStoryboardName = LaunchScreen;
				VERSIONING_SYSTEM = "apple-generic";
			};
			name = Debug;
		};
/* End XCBuildConfiguration section */

/* Begin XCConfigurationList section */
		641F429577861393BB8D2A1A /* Build configuration list for PBXProject "FormPeak" */ = {
			isa = XCConfigurationList;
			buildConfigurations = (
				F5A854E1E2F42C7630E8182D /* Debug */,
				F27BDD4B431E81C724015828 /* Production */,
			);
			defaultConfigurationIsVisible = 0;
			defaultConfigurationName = Production;
		};
		DF905FAAC8223D207DE1BD10 /* Build configuration list for PBXNativeTarget "FormPeak" */ = {
			isa = XCConfigurationList;
			buildConfigurations = (
				F845E71CE501D472C7D0D3D0 /* Debug */,
				A98896D6F95D65888E232BCC /* Production */,
			);
			defaultConfigurationIsVisible = 0;
			defaultConfigurationName = Production;
		};
/* End XCConfigurationList section */

/* Begin XCRemoteSwiftPackageReference section */
		0B81A1F9D31326C4F6558E58 /* XCRemoteSwiftPackageReference "SwiftLint" */ = {
			isa = XCRemoteSwiftPackageReference;
			repositoryURL = "https://github.com/realm/SwiftLint";
			requirement = {
				kind = upToNextMajorVersion;
				minimumVersion = 0.59.0;
			};
		};
		A63EE58CB5503EA0FC51EA3F /* XCRemoteSwiftPackageReference "R.swift" */ = {
			isa = XCRemoteSwiftPackageReference;
			repositoryURL = "https://github.com/mac-cain13/R.swift.git";
			requirement = {
				kind = upToNextMajorVersion;
				minimumVersion = 7.0.0;
			};
		};
/* End XCRemoteSwiftPackageReference section */

/* Begin XCSwiftPackageProductDependency section */
		0A62818AE9F7E87FA8423D80 /* RswiftGenerateInternalResources */ = {
			isa = XCSwiftPackageProductDependency;
			package = A63EE58CB5503EA0FC51EA3F /* XCRemoteSwiftPackageReference "R.swift" */;
			productName = "plugin:RswiftGenerateInternalResources";
		};
		6BCEE135EC64ABDF00E19243 /* RswiftLibrary */ = {
			isa = XCSwiftPackageProductDependency;
			package = A63EE58CB5503EA0FC51EA3F /* XCRemoteSwiftPackageReference "R.swift" */;
			productName = RswiftLibrary;
		};
/* End XCSwiftPackageProductDependency section */
	};
	rootObject = ADFC5C8C32683A29EA029E32 /* Project object */;
}
